
Microsoft Visual Studio Solution File, Format Version 12.00
# Visual Studio Version 17
VisualStudioVersion = 17.8.34330.188
MinimumVisualStudioVersion = 10.0.40219.1
Project("{FAE04EC0-301F-11D3-BF4B-00C04F79EFBC}") = "KursovaRabota", "KursovaRabota\KursovaRabota.csproj", "{390555F4-A538-4BC3-8AF9-A3574AD4E6DE}"
EndProject
Global
	GlobalSection(SolutionConfigurationPlatforms) = preSolution
		Debug|Any CPU = Debug|Any CPU
		Release|Any CPU = Release|Any CPU
	EndGlobalSection
	GlobalSection(ProjectConfigurationPlatforms) = postSolution
		{390555F4-A538-4BC3-8AF9-A3574AD4E6DE}.Debug|Any CPU.ActiveCfg = Debug|Any CPU
		{390555F4-A538-4BC3-8AF9-A3574AD4E6DE}.Debug|Any CPU.Build.0 = Debug|Any CPU
		{390555F4-A538-4BC3-8AF9-A3574AD4E6DE}.Release|Any CPU.ActiveCfg = Release|Any CPU
		{390555F4-A538-4BC3-8AF9-A3574AD4E6DE}.Release|Any CPU.Build.0 = Release|Any CPU
	EndGlobalSection
	GlobalSection(SolutionProperties) = preSolution
		HideSolutionNode = FALSE
	EndGlobalSection
	GlobalSection(ExtensibilityGlobals) = postSolution
		SolutionGuid = {87D41796-4498-45D5-8384-6C1B793226E6}
	EndGlobalSection
EndGlobal
