
Microsoft Visual Studio Solution File, Format Version 12.00
# Visual Studio Version 17
VisualStudioVersion = 17.8.34330.188
MinimumVisualStudioVersion = 10.0.40219.1
Project("{FAE04EC0-301F-11D3-BF4B-00C04F79EFBC}") = "KoreniNaKvadradnoUr", "KoreniNaKvadradnoUr\KoreniNaKvadradnoUr.csproj", "{381B938C-D18E-46A6-A973-C105C82728BB}"
EndProject
Project("{FAE04EC0-301F-11D3-BF4B-00C04F79EFBC}") = "StoinostiOt1doN", "StoinostiOt1doN\StoinostiOt1doN.csproj", "{667C1FDF-5EA2-43F9-897A-56B6614CB907}"
EndProject
Project("{FAE04EC0-301F-11D3-BF4B-00C04F79EFBC}") = "Factoriel", "Factoriel\Factoriel.csproj", "{15FA99DE-DC7E-4FAE-B945-B2A0F2D0AC4D}"
EndProject
Global
	GlobalSection(SolutionConfigurationPlatforms) = preSolution
		Debug|Any CPU = Debug|Any CPU
		Release|Any CPU = Release|Any CPU
	EndGlobalSection
	GlobalSection(ProjectConfigurationPlatforms) = postSolution
		{381B938C-D18E-46A6-A973-C105C82728BB}.Debug|Any CPU.ActiveCfg = Debug|Any CPU
		{381B938C-D18E-46A6-A973-C105C82728BB}.Debug|Any CPU.Build.0 = Debug|Any CPU
		{381B938C-D18E-46A6-A973-C105C82728BB}.Release|Any CPU.ActiveCfg = Release|Any CPU
		{381B938C-D18E-46A6-A973-C105C82728BB}.Release|Any CPU.Build.0 = Release|Any CPU
		{667C1FDF-5EA2-43F9-897A-56B6614CB907}.Debug|Any CPU.ActiveCfg = Debug|Any CPU
		{667C1FDF-5EA2-43F9-897A-56B6614CB907}.Debug|Any CPU.Build.0 = Debug|Any CPU
		{667C1FDF-5EA2-43F9-897A-56B6614CB907}.Release|Any CPU.ActiveCfg = Release|Any CPU
		{667C1FDF-5EA2-43F9-897A-56B6614CB907}.Release|Any CPU.Build.0 = Release|Any CPU
		{15FA99DE-DC7E-4FAE-B945-B2A0F2D0AC4D}.Debug|Any CPU.ActiveCfg = Debug|Any CPU
		{15FA99DE-DC7E-4FAE-B945-B2A0F2D0AC4D}.Debug|Any CPU.Build.0 = Debug|Any CPU
		{15FA99DE-DC7E-4FAE-B945-B2A0F2D0AC4D}.Release|Any CPU.ActiveCfg = Release|Any CPU
		{15FA99DE-DC7E-4FAE-B945-B2A0F2D0AC4D}.Release|Any CPU.Build.0 = Release|Any CPU
	EndGlobalSection
	GlobalSection(SolutionProperties) = preSolution
		HideSolutionNode = FALSE
	EndGlobalSection
	GlobalSection(ExtensibilityGlobals) = postSolution
		SolutionGuid = {83719E43-041E-4215-B1DA-56CEB253D670}
	EndGlobalSection
EndGlobal
