
Microsoft Visual Studio Solution File, Format Version 12.00
# Visual Studio Version 17
VisualStudioVersion = 17.8.34330.188
MinimumVisualStudioVersion = 10.0.40219.1
Project("{FAE04EC0-301F-11D3-BF4B-00C04F79EFBC}") = "Arrays", "Arrays\Arrays.csproj", "{F035A530-F147-4DB3-851E-E8ED13FF8FF5}"
EndProject
Project("{FAE04EC0-301F-11D3-BF4B-00C04F79EFBC}") = "Meterologiya", "Meterologiya\Meterologiya.csproj", "{516C713A-7FDE-4F16-98D0-6CBCD92751D7}"
EndProject
Global
	GlobalSection(SolutionConfigurationPlatforms) = preSolution
		Debug|Any CPU = Debug|Any CPU
		Release|Any CPU = Release|Any CPU
	EndGlobalSection
	GlobalSection(ProjectConfigurationPlatforms) = postSolution
		{F035A530-F147-4DB3-851E-E8ED13FF8FF5}.Debug|Any CPU.ActiveCfg = Debug|Any CPU
		{F035A530-F147-4DB3-851E-E8ED13FF8FF5}.Debug|Any CPU.Build.0 = Debug|Any CPU
		{F035A530-F147-4DB3-851E-E8ED13FF8FF5}.Release|Any CPU.ActiveCfg = Release|Any CPU
		{F035A530-F147-4DB3-851E-E8ED13FF8FF5}.Release|Any CPU.Build.0 = Release|Any CPU
		{516C713A-7FDE-4F16-98D0-6CBCD92751D7}.Debug|Any CPU.ActiveCfg = Debug|Any CPU
		{516C713A-7FDE-4F16-98D0-6CBCD92751D7}.Debug|Any CPU.Build.0 = Debug|Any CPU
		{516C713A-7FDE-4F16-98D0-6CBCD92751D7}.Release|Any CPU.ActiveCfg = Release|Any CPU
		{516C713A-7FDE-4F16-98D0-6CBCD92751D7}.Release|Any CPU.Build.0 = Release|Any CPU
	EndGlobalSection
	GlobalSection(SolutionProperties) = preSolution
		HideSolutionNode = FALSE
	EndGlobalSection
	GlobalSection(ExtensibilityGlobals) = postSolution
		SolutionGuid = {2CAACFF7-1E62-441F-B866-B7BE54C7D2EE}
	EndGlobalSection
EndGlobal
